
Microsoft Visual Studio Solution File, Format Version 12.00
# Visual Studio Version 17
VisualStudioVersion = 17.3.32929.385
MinimumVisualStudioVersion = 10.0.40219.1
Project("{8BC9CEB8-8B4A-11D0-8D11-00A0C91BC942}") = "Laba 5.1", "Laba 5.1\Laba 5.1.vcxproj", "{1F52EFBF-3822-4E0B-9BED-02C4A38210D8}"
EndProject
Project("{8BC9CEB8-8B4A-11D0-8D11-00A0C91BC942}") = "UnitTest2", "UnitTest2\UnitTest2.vcxproj", "{6EAAF6E3-E818-46D7-8539-444E55E36F59}"
EndProject
Project("{8BC9CEB8-8B4A-11D0-8D11-00A0C91BC942}") = "UnitTest1", "UnitTest1\UnitTest1.vcxproj", "{3D0E49A8-25E9-4F6B-8A95-BB4870AF4300}"
EndProject
Global
	GlobalSection(SolutionConfigurationPlatforms) = preSolution
		Debug|x64 = Debug|x64
		Debug|x86 = Debug|x86
		Release|x64 = Release|x64
		Release|x86 = Release|x86
	EndGlobalSection
	GlobalSection(ProjectConfigurationPlatforms) = postSolution
		{1F52EFBF-3822-4E0B-9BED-02C4A38210D8}.Debug|x64.ActiveCfg = Debug|x64
		{1F52EFBF-3822-4E0B-9BED-02C4A38210D8}.Debug|x64.Build.0 = Debug|x64
		{1F52EFBF-3822-4E0B-9BED-02C4A38210D8}.Debug|x86.ActiveCfg = Debug|Win32
		{1F52EFBF-3822-4E0B-9BED-02C4A38210D8}.Debug|x86.Build.0 = Debug|Win32
		{1F52EFBF-3822-4E0B-9BED-02C4A38210D8}.Release|x64.ActiveCfg = Release|x64
		{1F52EFBF-3822-4E0B-9BED-02C4A38210D8}.Release|x64.Build.0 = Release|x64
		{1F52EFBF-3822-4E0B-9BED-02C4A38210D8}.Release|x86.ActiveCfg = Release|Win32
		{1F52EFBF-3822-4E0B-9BED-02C4A38210D8}.Release|x86.Build.0 = Release|Win32
		{6EAAF6E3-E818-46D7-8539-444E55E36F59}.Debug|x64.ActiveCfg = Debug|x64
		{6EAAF6E3-E818-46D7-8539-444E55E36F59}.Debug|x64.Build.0 = Debug|x64
		{6EAAF6E3-E818-46D7-8539-444E55E36F59}.Debug|x86.ActiveCfg = Debug|Win32
		{6EAAF6E3-E818-46D7-8539-444E55E36F59}.Debug|x86.Build.0 = Debug|Win32
		{6EAAF6E3-E818-46D7-8539-444E55E36F59}.Release|x64.ActiveCfg = Release|x64
		{6EAAF6E3-E818-46D7-8539-444E55E36F59}.Release|x64.Build.0 = Release|x64
		{6EAAF6E3-E818-46D7-8539-444E55E36F59}.Release|x86.ActiveCfg = Release|Win32
		{6EAAF6E3-E818-46D7-8539-444E55E36F59}.Release|x86.Build.0 = Release|Win32
		{3D0E49A8-25E9-4F6B-8A95-BB4870AF4300}.Debug|x64.ActiveCfg = Debug|x64
		{3D0E49A8-25E9-4F6B-8A95-BB4870AF4300}.Debug|x64.Build.0 = Debug|x64
		{3D0E49A8-25E9-4F6B-8A95-BB4870AF4300}.Debug|x86.ActiveCfg = Debug|Win32
		{3D0E49A8-25E9-4F6B-8A95-BB4870AF4300}.Debug|x86.Build.0 = Debug|Win32
		{3D0E49A8-25E9-4F6B-8A95-BB4870AF4300}.Release|x64.ActiveCfg = Release|x64
		{3D0E49A8-25E9-4F6B-8A95-BB4870AF4300}.Release|x64.Build.0 = Release|x64
		{3D0E49A8-25E9-4F6B-8A95-BB4870AF4300}.Release|x86.ActiveCfg = Release|Win32
		{3D0E49A8-25E9-4F6B-8A95-BB4870AF4300}.Release|x86.Build.0 = Release|Win32
	EndGlobalSection
	GlobalSection(SolutionProperties) = preSolution
		HideSolutionNode = FALSE
	EndGlobalSection
	GlobalSection(ExtensibilityGlobals) = postSolution
		SolutionGuid = {7A851431-53DB-493D-8273-5FF0B95F1F6C}
	EndGlobalSection
EndGlobal
